
Microsoft Visual Studio Solution File, Format Version 12.00
# Visual Studio Version 17
VisualStudioVersion = 17.5.002.0
MinimumVisualStudioVersion = 10.0.40219.1
Project("{9A19103F-16F7-4668-BE54-9A1E7A4F7556}") = "NewApp", "NewApp.csproj", "{114A9422-564B-4C40-9CEF-7C1B31C35AF4}"
EndProject
Global
	GlobalSection(SolutionConfigurationPlatforms) = preSolution
		Debug|Any CPU = Debug|Any CPU
		Release|Any CPU = Release|Any CPU
	EndGlobalSection
	GlobalSection(ProjectConfigurationPlatforms) = postSolution
		{114A9422-564B-4C40-9CEF-7C1B31C35AF4}.Debug|Any CPU.ActiveCfg = Debug|Any CPU
		{114A9422-564B-4C40-9CEF-7C1B31C35AF4}.Debug|Any CPU.Build.0 = Debug|Any CPU
		{114A9422-564B-4C40-9CEF-7C1B31C35AF4}.Release|Any CPU.ActiveCfg = Release|Any CPU
		{114A9422-564B-4C40-9CEF-7C1B31C35AF4}.Release|Any CPU.Build.0 = Release|Any CPU
	EndGlobalSection
	GlobalSection(SolutionProperties) = preSolution
		HideSolutionNode = FALSE
	EndGlobalSection
	GlobalSection(ExtensibilityGlobals) = postSolution
		SolutionGuid = {A3449F17-08FB-466A-B93A-4D5226537DE0}
	EndGlobalSection
EndGlobal
